
Microsoft Visual Studio Solution File, Format Version 12.00
# Visual Studio Version 16
VisualStudioVersion = 25.0.1706.6
MinimumVisualStudioVersion = 10.0.40219.1
Project("{FAE04EC0-301F-11D3-BF4B-00C04F79EFBC}") = "tests", "tests.csproj", "{E1BFDA67-7B73-48A3-84A2-C80FA5F9393C}"
EndProject
Global
	GlobalSection(SolutionConfigurationPlatforms) = preSolution
		Debug|Any CPU = Debug|Any CPU
		Release|Any CPU = Release|Any CPU
	EndGlobalSection
	GlobalSection(ProjectConfigurationPlatforms) = postSolution
		{E1BFDA67-7B73-48A3-84A2-C80FA5F9393C}.Debug|Any CPU.ActiveCfg = Debug|Any CPU
		{E1BFDA67-7B73-48A3-84A2-C80FA5F9393C}.Debug|Any CPU.Build.0 = Debug|Any CPU
		{E1BFDA67-7B73-48A3-84A2-C80FA5F9393C}.Release|Any CPU.ActiveCfg = Release|Any CPU
		{E1BFDA67-7B73-48A3-84A2-C80FA5F9393C}.Release|Any CPU.Build.0 = Release|Any CPU
	EndGlobalSection
	GlobalSection(SolutionProperties) = preSolution
		HideSolutionNode = FALSE
	EndGlobalSection
	GlobalSection(ExtensibilityGlobals) = postSolution
		SolutionGuid = {D8F75A12-2F8E-4E14-9374-ACFA8ACE36EF}
	EndGlobalSection
EndGlobal
